// !$*UTF8*$!
{
	archiveVersion = 1;
	classes = {
	};
	objectVersion = 56;
	objects = {

/* Begin PBXBuildFile section */
		C8A33FC8296861EC00630E59 /* AppDelegate.swift in Sources */ = {isa = PBXBuildFile; fileRef = C8A33FC7296861EC00630E59 /* AppDelegate.swift */; };
		C8A33FCA296861EC00630E59 /* SceneDelegate.swift in Sources */ = {isa = PBXBuildFile; fileRef = C8A33FC9296861EC00630E59 /* SceneDelegate.swift */; };
		C8A33FCC296861EC00630E59 /* ViewController.swift in Sources */ = {isa = PBXBuildFile; fileRef = C8A33FCB296861EC00630E59 /* ViewController.swift */; };
		C8A33FCF296861EC00630E59 /* Main.storyboard in Resources */ = {isa = PBXBuildFile; fileRef = C8A33FCD296861EC00630E59 /* Main.storyboard */; };
		C8A33FD1296861EE00630E59 /* Assets.xcassets in Resources */ = {isa = PBXBuildFile; fileRef = C8A33FD0296861EE00630E59 /* Assets.xcassets */; };
		C8A33FD4296861EE00630E59 /* LaunchScreen.storyboard in Resources */ = {isa = PBXBuildFile; fileRef = C8A33FD2296861EE00630E59 /* LaunchScreen.storyboard */; };
		C8A33FDF296861EF00630E59 /* HalloWorldTests.swift in Sources */ = {isa = PBXBuildFile; fileRef = C8A33FDE296861EF00630E59 /* HalloWorldTests.swift */; };
		C8A33FE9296861EF00630E59 /* HalloWorldUITests.swift in Sources */ = {isa = PBXBuildFile; fileRef = C8A33FE8296861EF00630E59 /* HalloWorldUITests.swift */; };
		C8A33FEB296861EF00630E59 /* HalloWorldUITestsLaunchTests.swift in Sources */ = {isa = PBXBuildFile; fileRef = C8A33FEA296861EF00630E59 /* HalloWorldUITestsLaunchTests.swift */; };
/* End PBXBuildFile section */

/* Begin PBXContainerItemProxy section */
		C8A33FDB296861EF00630E59 /* PBXContainerItemProxy */ = {
			isa = PBXContainerItemProxy;
			containerPortal = C8A33FBC296861EB00630E59 /* Project object */;
			proxyType = 1;
			remoteGlobalIDString = C8A33FC3296861EC00630E59;
			remoteInfo = HalloWorld;
		};
		C8A33FE5296861EF00630E59 /* PBXContainerItemProxy */ = {
			isa = PBXContainerItemProxy;
			containerPortal = C8A33FBC296861EB00630E59 /* Project object */;
			proxyType = 1;
			remoteGlobalIDString = C8A33FC3296861EC00630E59;
			remoteInfo = HalloWorld;
		};
/* End PBXContainerItemProxy section */

/* Begin PBXFileReference section */
		C8A33FC4296861EC00630E59 /* HalloWorld.app */ = {isa = PBXFileReference; explicitFileType = wrapper.application; includeInIndex = 0; path = HalloWorld.app; sourceTree = BUILT_PRODUCTS_DIR; };
		C8A33FC7296861EC00630E59 /* AppDelegate.swift */ = {isa = PBXFileReference; lastKnownFileType = sourcecode.swift; path = AppDelegate.swift; sourceTree = "<group>"; };
		C8A33FC9296861EC00630E59 /* SceneDelegate.swift */ = {isa = PBXFileReference; lastKnownFileType = sourcecode.swift; path = SceneDelegate.swift; sourceTree = "<group>"; };
		C8A33FCB296861EC00630E59 /* ViewController.swift */ = {isa = PBXFileReference; lastKnownFileType = sourcecode.swift; path = ViewController.swift; sourceTree = "<group>"; };
		C8A33FCE296861EC00630E59 /* Base */ = {isa = PBXFileReference; lastKnownFileType = file.storyboard; name = Base; path = Base.lproj/Main.storyboard; sourceTree = "<group>"; };
		C8A33FD0296861EE00630E59 /* Assets.xcassets */ = {isa = PBXFileReference; lastKnownFileType = folder.assetcatalog; path = Assets.xcassets; sourceTree = "<group>"; };
		C8A33FD3296861EE00630E59 /* Base */ = {isa = PBXFileReference; lastKnownFileType = file.storyboard; name = Base; path = Base.lproj/LaunchScreen.storyboard; sourceTree = "<group>"; };
		C8A33FD5296861EE00630E59 /* Info.plist */ = {isa = PBXFileReference; lastKnownFileType = text.plist.xml; path = Info.plist; sourceTree = "<group>"; };
		C8A33FDA296861EF00630E59 /* HalloWorldTests.xctest */ = {isa = PBXFileReference; explicitFileType = wrapper.cfbundle; includeInIndex = 0; path = HalloWorldTests.xctest; sourceTree = BUILT_PRODUCTS_DIR; };
		C8A33FDE296861EF00630E59 /* HalloWorldTests.swift */ = {isa = PBXFileReference; lastKnownFileType = sourcecode.swift; path = HalloWorldTests.swift; sourceTree = "<group>"; };
		C8A33FE4296861EF00630E59 /* HalloWorldUITests.xctest */ = {isa = PBXFileReference; explicitFileType = wrapper.cfbundle; includeInIndex = 0; path = HalloWorldUITests.xctest; sourceTree = BUILT_PRODUCTS_DIR; };
		C8A33FE8296861EF00630E59 /* HalloWorldUITests.swift */ = {isa = PBXFileReference; lastKnownFileType = sourcecode.swift; path = HalloWorldUITests.swift; sourceTree = "<group>"; };
		C8A33FEA296861EF00630E59 /* HalloWorldUITestsLaunchTests.swift */ = {isa = PBXFileReference; lastKnownFileType = sourcecode.swift; path = HalloWorldUITestsLaunchTests.swift; sourceTree = "<group>"; };
/* End PBXFileReference section */

/* Begin PBXFrameworksBuildPhase section */
		C8A33FC1296861EC00630E59 /* Frameworks */ = {
			isa = PBXFrameworksBuildPhase;
			buildActionMask = 2147483647;
			files = (
			);
			runOnlyForDeploymentPostprocessing = 0;
		};
		C8A33FD7296861EF00630E59 /* Frameworks */ = {
			isa = PBXFrameworksBuildPhase;
			buildActionMask = 2147483647;
			files = (
			);
			runOnlyForDeploymentPostprocessing = 0;
		};
		C8A33FE1296861EF00630E59 /* Frameworks */ = {
			isa = PBXFrameworksBuildPhase;
			buildActionMask = 2147483647;
			files = (
			);
			runOnlyForDeploymentPostprocessing = 0;
		};
/* End PBXFrameworksBuildPhase section */

/* Begin PBXGroup section */
		C8A33FBB296861EB00630E59 = {
			isa = PBXGroup;
			children = (
				C8A33FC6296861EC00630E59 /* HalloWorld */,
				C8A33FDD296861EF00630E59 /* HalloWorldTests */,
				C8A33FE7296861EF00630E59 /* HalloWorldUITests */,
				C8A33FC5296861EC00630E59 /* Products */,
			);
			sourceTree = "<group>";
		};
		C8A33FC5296861EC00630E59 /* Products */ = {
			isa = PBXGroup;
			children = (
				C8A33FC4296861EC00630E59 /* HalloWorld.app */,
				C8A33FDA296861EF00630E59 /* HalloWorldTests.xctest */,
				C8A33FE4296861EF00630E59 /* HalloWorldUITests.xctest */,
			);
			name = Products;
			sourceTree = "<group>";
		};
		C8A33FC6296861EC00630E59 /* HalloWorld */ = {
			isa = PBXGroup;
			children = (
				C8A33FC7296861EC00630E59 /* AppDelegate.swift */,
				C8A33FC9296861EC00630E59 /* SceneDelegate.swift */,
				C8A33FCB296861EC00630E59 /* ViewController.swift */,
				C8A33FCD296861EC00630E59 /* Main.storyboard */,
				C8A33FD0296861EE00630E59 /* Assets.xcassets */,
				C8A33FD2296861EE00630E59 /* LaunchScreen.storyboard */,
				C8A33FD5296861EE00630E59 /* Info.plist */,
			);
			path = HalloWorld;
			sourceTree = "<group>";
		};
		C8A33FDD296861EF00630E59 /* HalloWorldTests */ = {
			isa = PBXGroup;
			children = (
				C8A33FDE296861EF00630E59 /* HalloWorldTests.swift */,
			);
			path = HalloWorldTests;
			sourceTree = "<group>";
		};
		C8A33FE7296861EF00630E59 /* HalloWorldUITests */ = {
			isa = PBXGroup;
			children = (
				C8A33FE8296861EF00630E59 /* HalloWorldUITests.swift */,
				C8A33FEA296861EF00630E59 /* HalloWorldUITestsLaunchTests.swift */,
			);
			path = HalloWorldUITests;
			sourceTree = "<group>";
		};
/* End PBXGroup section */

/* Begin PBXNativeTarget section */
		C8A33FC3296861EC00630E59 /* HalloWorld */ = {
			isa = PBXNativeTarget;
			buildConfigurationList = C8A33FEE296861EF00630E59 /* Build configuration list for PBXNativeTarget "HalloWorld" */;
			buildPhases = (
				C8A33FC0296861EC00630E59 /* Sources */,
				C8A33FC1296861EC00630E59 /* Frameworks */,
				C8A33FC2296861EC00630E59 /* Resources */,
			);
			buildRules = (
			);
			dependencies = (
			);
			name = HalloWorld;
			productName = HalloWorld;
			productReference = C8A33FC4296861EC00630E59 /* HalloWorld.app */;
			productType = "com.apple.product-type.application";
		};
		C8A33FD9296861EF00630E59 /* HalloWorldTests */ = {
			isa = PBXNativeTarget;
			buildConfigurationList = C8A33FF1296861EF00630E59 /* Build configuration list for PBXNativeTarget "HalloWorldTests" */;
			buildPhases = (
				C8A33FD6296861EF00630E59 /* Sources */,
				C8A33FD7296861EF00630E59 /* Frameworks */,
				C8A33FD8296861EF00630E59 /* Resources */,
			);
			buildRules = (
			);
			dependencies = (
				C8A33FDC296861EF00630E59 /* PBXTargetDependency */,
			);
			name = HalloWorldTests;
			productName = HalloWorldTests;
			productReference = C8A33FDA296861EF00630E59 /* HalloWorldTests.xctest */;
			productType = "com.apple.product-type.bundle.unit-test";
		};
		C8A33FE3296861EF00630E59 /* HalloWorldUITests */ = {
			isa = PBXNativeTarget;
			buildConfigurationList = C8A33FF4296861EF00630E59 /* Build configuration list for PBXNativeTarget "HalloWorldUITests" */;
			buildPhases = (
				C8A33FE0296861EF00630E59 /* Sources */,
				C8A33FE1296861EF00630E59 /* Frameworks */,
				C8A33FE2296861EF00630E59 /* Resources */,
			);
			buildRules = (
			);
			dependencies = (
				C8A33FE6296861EF00630E59 /* PBXTargetDependency */,
			);
			name = HalloWorldUITests;
			productName = HalloWorldUITests;
			productReference = C8A33FE4296861EF00630E59 /* HalloWorldUITests.xctest */;
			productType = "com.apple.product-type.bundle.ui-testing";
		};
/* End PBXNativeTarget section */

/* Begin PBXProject section */
		C8A33FBC296861EB00630E59 /* Project object */ = {
			isa = PBXProject;
			attributes = {
				BuildIndependentTargetsInParallel = 1;
				LastSwiftUpdateCheck = 1410;
				LastUpgradeCheck = 1410;
				TargetAttributes = {
					C8A33FC3296861EC00630E59 = {
						CreatedOnToolsVersion = 14.1;
					};
					C8A33FD9296861EF00630E59 = {
						CreatedOnToolsVersion = 14.1;
						TestTargetID = C8A33FC3296861EC00630E59;
					};
					C8A33FE3296861EF00630E59 = {
						CreatedOnToolsVersion = 14.1;
						TestTargetID = C8A33FC3296861EC00630E59;
					};
				};
			};
			buildConfigurationList = C8A33FBF296861EB00630E59 /* Build configuration list for PBXProject "HalloWorld" */;
			compatibilityVersion = "Xcode 14.0";
			developmentRegion = en;
			hasScannedForEncodings = 0;
			knownRegions = (
				en,
				Base,
			);
			mainGroup = C8A33FBB296861EB00630E59;
			productRefGroup = C8A33FC5296861EC00630E59 /* Products */;
			projectDirPath = "";
			projectRoot = "";
			targets = (
				C8A33FC3296861EC00630E59 /* HalloWorld */,
				C8A33FD9296861EF00630E59 /* HalloWorldTests */,
				C8A33FE3296861EF00630E59 /* HalloWorldUITests */,
			);
		};
/* End PBXProject section */

/* Begin PBXResourcesBuildPhase section */
		C8A33FC2296861EC00630E59 /* Resources */ = {
			isa = PBXResourcesBuildPhase;
			buildActionMask = 2147483647;
			files = (
				C8A33FD4296861EE00630E59 /* LaunchScreen.storyboard in Resources */,
				C8A33FD1296861EE00630E59 /* Assets.xcassets in Resources */,
				C8A33FCF296861EC00630E59 /* Main.storyboard in Resources */,
			);
			runOnlyForDeploymentPostprocessing = 0;
		};
		C8A33FD8296861EF00630E59 /* Resources */ = {
			isa = PBXResourcesBuildPhase;
			buildActionMask = 2147483647;
			files = (
			);
			runOnlyForDeploymentPostprocessing = 0;
		};
		C8A33FE2296861EF00630E59 /* Resources */ = {
			isa = PBXResourcesBuildPhase;
			buildActionMask = 2147483647;
			files = (
			);
			runOnlyForDeploymentPostprocessing = 0;
		};
/* End PBXResourcesBuildPhase section */

/* Begin PBXSourcesBuildPhase section */
		C8A33FC0296861EC00630E59 /* Sources */ = {
			isa = PBXSourcesBuildPhase;
			buildActionMask = 2147483647;
			files = (
				C8A33FCC296861EC00630E59 /* ViewController.swift in Sources */,
				C8A33FC8296861EC00630E59 /* AppDelegate.swift in Sources */,
				C8A33FCA296861EC00630E59 /* SceneDelegate.swift in Sources */,
			);
			runOnlyForDeploymentPostprocessing = 0;
		};
		C8A33FD6296861EF00630E59 /* Sources */ = {
			isa = PBXSourcesBuildPhase;
			buildActionMask = 2147483647;
			files = (
				C8A33FDF296861EF00630E59 /* HalloWorldTests.swift in Sources */,
			);
			runOnlyForDeploymentPostprocessing = 0;
		};
		C8A33FE0296861EF00630E59 /* Sources */ = {
			isa = PBXSourcesBuildPhase;
			buildActionMask = 2147483647;
			files = (
				C8A33FEB296861EF00630E59 /* HalloWorldUITestsLaunchTests.swift in Sources */,
				C8A33FE9296861EF00630E59 /* HalloWorldUITests.swift in Sources */,
			);
			runOnlyForDeploymentPostprocessing = 0;
		};
/* End PBXSourcesBuildPhase section */

/* Begin PBXTargetDependency section */
		C8A33FDC296861EF00630E59 /* PBXTargetDependency */ = {
			isa = PBXTargetDependency;
			target = C8A33FC3296861EC00630E59 /* HalloWorld */;
			targetProxy = C8A33FDB296861EF00630E59 /* PBXContainerItemProxy */;
		};
		C8A33FE6296861EF00630E59 /* PBXTargetDependency */ = {
			isa = PBXTargetDependency;
			target = C8A33FC3296861EC00630E59 /* HalloWorld */;
			targetProxy = C8A33FE5296861EF00630E59 /* PBXContainerItemProxy */;
		};
/* End PBXTargetDependency section */

/* Begin PBXVariantGroup section */
		C8A33FCD296861EC00630E59 /* Main.storyboard */ = {
			isa = PBXVariantGroup;
			children = (
				C8A33FCE296861EC00630E59 /* Base */,
			);
			name = Main.storyboard;
			sourceTree = "<group>";
		};
		C8A33FD2296861EE00630E59 /* LaunchScreen.storyboard */ = {
			isa = PBXVariantGroup;
			children = (
				C8A33FD3296861EE00630E59 /* Base */,
			);
			name = LaunchScreen.storyboard;
			sourceTree = "<group>";
		};
/* End PBXVariantGroup section */

/* Begin XCBuildConfiguration section */
		C8A33FEC296861EF00630E59 /* Debug */ = {
			isa = XCBuildConfiguration;
			buildSettings = {
				ALWAYS_SEARCH_USER_PATHS = NO;
				CLANG_ANALYZER_NONNULL = YES;
				CLANG_ANALYZER_NUMBER_OBJECT_CONVERSION = YES_AGGRESSIVE;
				CLANG_CXX_LANGUAGE_STANDARD = "gnu++20";
				CLANG_ENABLE_MODULES = YES;
				CLANG_ENABLE_OBJC_ARC = YES;
				CLANG_ENABLE_OBJC_WEAK = YES;
				CLANG_WARN_BLOCK_CAPTURE_AUTORELEASING = YES;
				CLANG_WARN_BOOL_CONVERSION = YES;
				CLANG_WARN_COMMA = YES;
				CLANG_WARN_CONSTANT_CONVERSION = YES;
				CLANG_WARN_DEPRECATED_OBJC_IMPLEMENTATIONS = YES;
				CLANG_WARN_DIRECT_OBJC_ISA_USAGE = YES_ERROR;
				CLANG_WARN_DOCUMENTATION_COMMENTS = YES;
				CLANG_WARN_EMPTY_BODY = YES;
				CLANG_WARN_ENUM_CONVERSION = YES;
				CLANG_WARN_INFINITE_RECURSION = YES;
				CLANG_WARN_INT_CONVERSION = YES;
				CLANG_WARN_NON_LITERAL_NULL_CONVERSION = YES;
				CLANG_WARN_OBJC_IMPLICIT_RETAIN_SELF = YES;
				CLANG_WARN_OBJC_LITERAL_CONVERSION = YES;
				CLANG_WARN_OBJC_ROOT_CLASS = YES_ERROR;
				CLANG_WARN_QUOTED_INCLUDE_IN_FRAMEWORK_HEADER = YES;
				CLANG_WARN_RANGE_LOOP_ANALYSIS = YES;
				CLANG_WARN_STRICT_PROTOTYPES = YES;
				CLANG_WARN_SUSPICIOUS_MOVE = YES;
				CLANG_WARN_UNGUARDED_AVAILABILITY = YES_AGGRESSIVE;
				CLANG_WARN_UNREACHABLE_CODE = YES;
				CLANG_WARN__DUPLICATE_METHOD_MATCH = YES;
				COPY_PHASE_STRIP = NO;
				DEBUG_INFORMATION_FORMAT = dwarf;
				ENABLE_STRICT_OBJC_MSGSEND = YES;
				ENABLE_TESTABILITY = YES;
				GCC_C_LANGUAGE_STANDARD = gnu11;
				GCC_DYNAMIC_NO_PIC = NO;
				GCC_NO_COMMON_BLOCKS = YES;
				GCC_OPTIMIZATION_LEVEL = 0;
				GCC_PREPROCESSOR_DEFINITIONS = (
					"DEBUG=1",
					"$(inherited)",
				);
				GCC_WARN_64_TO_32_BIT_CONVERSION = YES;
				GCC_WARN_ABOUT_RETURN_TYPE = YES_ERROR;
				GCC_WARN_UNDECLARED_SELECTOR = YES;
				GCC_WARN_UNINITIALIZED_AUTOS = YES_AGGRESSIVE;
				GCC_WARN_UNUSED_FUNCTION = YES;
				GCC_WARN_UNUSED_VARIABLE = YES;
				IPHONEOS_DEPLOYMENT_TARGET = 16.1;
				MTL_ENABLE_DEBUG_INFO = INCLUDE_SOURCE;
				MTL_FAST_MATH = YES;
				ONLY_ACTIVE_ARCH = YES;
				SDKROOT = iphoneos;
				SWIFT_ACTIVE_COMPILATION_CONDITIONS = DEBUG;
				SWIFT_OPTIMIZATION_LEVEL = "-Onone";
			};
			name = Debug;
		};
		C8A33FED296861EF00630E59 /* Release */ = {
			isa = XCBuildConfiguration;
			buildSettings = {
				ALWAYS_SEARCH_USER_PATHS = NO;
				CLANG_ANALYZER_NONNULL = YES;
				CLANG_ANALYZER_NUMBER_OBJECT_CONVERSION = YES_AGGRESSIVE;
				CLANG_CXX_LANGUAGE_STANDARD = "gnu++20";
				CLANG_ENABLE_MODULES = YES;
				CLANG_ENABLE_OBJC_ARC = YES;
				CLANG_ENABLE_OBJC_WEAK = YES;
				CLANG_WARN_BLOCK_CAPTURE_AUTORELEASING = YES;
				CLANG_WARN_BOOL_CONVERSION = YES;
				CLANG_WARN_COMMA = YES;
				CLANG_WARN_CONSTANT_CONVERSION = YES;
				CLANG_WARN_DEPRECATED_OBJC_IMPLEMENTATIONS = YES;
				CLANG_WARN_DIRECT_OBJC_ISA_USAGE = YES_ERROR;
				CLANG_WARN_DOCUMENTATION_COMMENTS = YES;
				CLANG_WARN_EMPTY_BODY = YES;
				CLANG_WARN_ENUM_CONVERSION = YES;
				CLANG_WARN_INFINITE_RECURSION = YES;
				CLANG_WARN_INT_CONVERSION = YES;
				CLANG_WARN_NON_LITERAL_NULL_CONVERSION = YES;
				CLANG_WARN_OBJC_IMPLICIT_RETAIN_SELF = YES;
				CLANG_WARN_OBJC_LITERAL_CONVERSION = YES;
				CLANG_WARN_OBJC_ROOT_CLASS = YES_ERROR;
				CLANG_WARN_QUOTED_INCLUDE_IN_FRAMEWORK_HEADER = YES;
				CLANG_WARN_RANGE_LOOP_ANALYSIS = YES;
				CLANG_WARN_STRICT_PROTOTYPES = YES;
				CLANG_WARN_SUSPICIOUS_MOVE = YES;
				CLANG_WARN_UNGUARDED_AVAILABILITY = YES_AGGRESSIVE;
				CLANG_WARN_UNREACHABLE_CODE = YES;
				CLANG_WARN__DUPLICATE_METHOD_MATCH = YES;
				COPY_PHASE_STRIP = NO;
				DEBUG_INFORMATION_FORMAT = "dwarf-with-dsym";
				ENABLE_NS_ASSERTIONS = NO;
				ENABLE_STRICT_OBJC_MSGSEND = YES;
				GCC_C_LANGUAGE_STANDARD = gnu11;
				GCC_NO_COMMON_BLOCKS = YES;
				GCC_WARN_64_TO_32_BIT_CONVERSION = YES;
				GCC_WARN_ABOUT_RETURN_TYPE = YES_ERROR;
				GCC_WARN_UNDECLARED_SELECTOR = YES;
				GCC_WARN_UNINITIALIZED_AUTOS = YES_AGGRESSIVE;
				GCC_WARN_UNUSED_FUNCTION = YES;
				GCC_WARN_UNUSED_VARIABLE = YES;
				IPHONEOS_DEPLOYMENT_TARGET = 16.1;
				MTL_ENABLE_DEBUG_INFO = NO;
				MTL_FAST_MATH = YES;
				SDKROOT = iphoneos;
				SWIFT_COMPILATION_MODE = wholemodule;
				SWIFT_OPTIMIZATION_LEVEL = "-O";
				VALIDATE_PRODUCT = YES;
			};
			name = Release;
		};
		C8A33FEF296861EF00630E59 /* Debug */ = {
			isa = XCBuildConfiguration;
			buildSettings = {
				ASSETCATALOG_COMPILER_APPICON_NAME = AppIcon;
				ASSETCATALOG_COMPILER_GLOBAL_ACCENT_COLOR_NAME = AccentColor;
				CODE_SIGN_STYLE = Automatic;
				CURRENT_PROJECT_VERSION = 1;
				DEVELOPMENT_TEAM = 76Q4MLJX3C;
				GENERATE_INFOPLIST_FILE = YES;
				INFOPLIST_FILE = HalloWorld/Info.plist;
				INFOPLIST_KEY_UIApplicationSupportsIndirectInputEvents = YES;
				INFOPLIST_KEY_UILaunchStoryboardName = LaunchScreen;
				INFOPLIST_KEY_UIMainStoryboardFile = Main;
				INFOPLIST_KEY_UISupportedInterfaceOrientations_iPad = "UIInterfaceOrientationPortrait UIInterfaceOrientationPortraitUpsideDown UIInterfaceOrientationLandscapeLeft UIInterfaceOrientationLandscapeRight";
				INFOPLIST_KEY_UISupportedInterfaceOrientations_iPhone = "UIInterfaceOrientationPortrait UIInterfaceOrientationLandscapeLeft UIInterfaceOrientationLandscapeRight";
				IPHONEOS_DEPLOYMENT_TARGET = 14.0;
				LD_RUNPATH_SEARCH_PATHS = (
					"$(inherited)",
					"@executable_path/Frameworks",
				);
				MARKETING_VERSION = 1.0;
				PRODUCT_BUNDLE_IDENTIFIER = com.majidov.HalloWorld;
				PRODUCT_NAME = "$(TARGET_NAME)";
				SUPPORTED_PLATFORMS = "iphoneos iphonesimulator";
				SUPPORTS_MACCATALYST = NO;
				SUPPORTS_MAC_DESIGNED_FOR_IPHONE_IPAD = NO;
				SWIFT_EMIT_LOC_STRINGS = YES;
				SWIFT_VERSION = 5.0;
				TARGETED_DEVICE_FAMILY = 1;
			};
			name = Debug;
		};
		C8A33FF0296861EF00630E59 /* Release */ = {
			isa = XCBuildConfiguration;
			buildSettings = {
				ASSETCATALOG_COMPILER_APPICON_NAME = AppIcon;
				ASSETCATALOG_COMPILER_GLOBAL_ACCENT_COLOR_NAME = AccentColor;
				CODE_SIGN_STYLE = Automatic;
				CURRENT_PROJECT_VERSION = 1;
				DEVELOPMENT_TEAM = 76Q4MLJX3C;
				GENERATE_INFOPLIST_FILE = YES;
				INFOPLIST_FILE = HalloWorld/Info.plist;
				INFOPLIST_KEY_UIApplicationSupportsIndirectInputEvents = YES;
				INFOPLIST_KEY_UILaunchStoryboardName = LaunchScreen;
				INFOPLIST_KEY_UIMainStoryboardFile = Main;
				INFOPLIST_KEY_UISupportedInterfaceOrientations_iPad = "UIInterfaceOrientationPortrait UIInterfaceOrientationPortraitUpsideDown UIInterfaceOrientationLandscapeLeft UIInterfaceOrientationLandscapeRight";
				INFOPLIST_KEY_UISupportedInterfaceOrientations_iPhone = "UIInterfaceOrientationPortrait UIInterfaceOrientationLandscapeLeft UIInterfaceOrientationLandscapeRight";
				IPHONEOS_DEPLOYMENT_TARGET = 14.0;
				LD_RUNPATH_SEARCH_PATHS = (
					"$(inherited)",
					"@executable_path/Frameworks",
				);
				MARKETING_VERSION = 1.0;
				PRODUCT_BUNDLE_IDENTIFIER = com.majidov.HalloWorld;
				PRODUCT_NAME = "$(TARGET_NAME)";
				SUPPORTED_PLATFORMS = "iphoneos iphonesimulator";
				SUPPORTS_MACCATALYST = NO;
				SUPPORTS_MAC_DESIGNED_FOR_IPHONE_IPAD = NO;
				SWIFT_EMIT_LOC_STRINGS = YES;
				SWIFT_VERSION = 5.0;
				TARGETED_DEVICE_FAMILY = 1;
			};
			name = Release;
		};
		C8A33FF2296861EF00630E59 /* Debug */ = {
			isa = XCBuildConfiguration;
			buildSettings = {
				ALWAYS_EMBED_SWIFT_STANDARD_LIBRARIES = YES;
				BUNDLE_LOADER = "$(TEST_HOST)";
				CODE_SIGN_STYLE = Automatic;
				CURRENT_PROJECT_VERSION = 1;
				DEVELOPMENT_TEAM = 76Q4MLJX3C;
				GENERATE_INFOPLIST_FILE = YES;
				IPHONEOS_DEPLOYMENT_TARGET = 16.1;
				MARKETING_VERSION = 1.0;
				PRODUCT_BUNDLE_IDENTIFIER = com.majidov.HalloWorldTests;
				PRODUCT_NAME = "$(TARGET_NAME)";
				SWIFT_EMIT_LOC_STRINGS = NO;
				SWIFT_VERSION = 5.0;
				TARGETED_DEVICE_FAMILY = "1,2";
				TEST_HOST = "$(BUILT_PRODUCTS_DIR)/HalloWorld.app/$(BUNDLE_EXECUTABLE_FOLDER_PATH)/HalloWorld";
			};
			name = Debug;
		};
		C8A33FF3296861EF00630E59 /* Release */ = {
			isa = XCBuildConfiguration;
			buildSettings = {
				ALWAYS_EMBED_SWIFT_STANDARD_LIBRARIES = YES;
				BUNDLE_LOADER = "$(TEST_HOST)";
				CODE_SIGN_STYLE = Automatic;
				CURRENT_PROJECT_VERSION = 1;
				DEVELOPMENT_TEAM = 76Q4MLJX3C;
				GENERATE_INFOPLIST_FILE = YES;
				IPHONEOS_DEPLOYMENT_TARGET = 16.1;
				MARKETING_VERSION = 1.0;
				PRODUCT_BUNDLE_IDENTIFIER = com.majidov.HalloWorldTests;
				PRODUCT_NAME = "$(TARGET_NAME)";
				SWIFT_EMIT_LOC_STRINGS = NO;
				SWIFT_VERSION = 5.0;
				TARGETED_DEVICE_FAMILY = "1,2";
				TEST_HOST = "$(BUILT_PRODUCTS_DIR)/HalloWorld.app/$(BUNDLE_EXECUTABLE_FOLDER_PATH)/HalloWorld";
			};
			name = Release;
		};
		C8A33FF5296861EF00630E59 /* Debug */ = {
			isa = XCBuildConfiguration;
			buildSettings = {
				ALWAYS_EMBED_SWIFT_STANDARD_LIBRARIES = YES;
				CODE_SIGN_STYLE = Automatic;
				CURRENT_PROJECT_VERSION = 1;
				DEVELOPMENT_TEAM = 76Q4MLJX3C;
				GENERATE_INFOPLIST_FILE = YES;
				MARKETING_VERSION = 1.0;
				PRODUCT_BUNDLE_IDENTIFIER = com.majidov.HalloWorldUITests;
				PRODUCT_NAME = "$(TARGET_NAME)";
				SWIFT_EMIT_LOC_STRINGS = NO;
				SWIFT_VERSION = 5.0;
				TARGETED_DEVICE_FAMILY = "1,2";
				TEST_TARGET_NAME = HalloWorld;
			};
			name = Debug;
		};
		C8A33FF6296861EF00630E59 /* Release */ = {
			isa = XCBuildConfiguration;
			buildSettings = {
				ALWAYS_EMBED_SWIFT_STANDARD_LIBRARIES = YES;
				CODE_SIGN_STYLE = Automatic;
				CURRENT_PROJECT_VERSION = 1;
				DEVELOPMENT_TEAM = 76Q4MLJX3C;
				GENERATE_INFOPLIST_FILE = YES;
				MARKETING_VERSION = 1.0;
				PRODUCT_BUNDLE_IDENTIFIER = com.majidov.HalloWorldUITests;
				PRODUCT_NAME = "$(TARGET_NAME)";
				SWIFT_EMIT_LOC_STRINGS = NO;
				SWIFT_VERSION = 5.0;
				TARGETED_DEVICE_FAMILY = "1,2";
				TEST_TARGET_NAME = HalloWorld;
			};
			name = Release;
		};
/* End XCBuildConfiguration section */

/* Begin XCConfigurationList section */
		C8A33FBF296861EB00630E59 /* Build configuration list for PBXProject "HalloWorld" */ = {
			isa = XCConfigurationList;
			buildConfigurations = (
				C8A33FEC296861EF00630E59 /* Debug */,
				C8A33FED296861EF00630E59 /* Release */,
			);
			defaultConfigurationIsVisible = 0;
			defaultConfigurationName = Release;
		};
		C8A33FEE296861EF00630E59 /* Build configuration list for PBXNativeTarget "HalloWorld" */ = {
			isa = XCConfigurationList;
			buildConfigurations = (
				C8A33FEF296861EF00630E59 /* Debug */,
				C8A33FF0296861EF00630E59 /* Release */,
			);
			defaultConfigurationIsVisible = 0;
			defaultConfigurationName = Release;
		};
		C8A33FF1296861EF00630E59 /* Build configuration list for PBXNativeTarget "HalloWorldTests" */ = {
			isa = XCConfigurationList;
			buildConfigurations = (
				C8A33FF2296861EF00630E59 /* Debug */,
				C8A33FF3296861EF00630E59 /* Release */,
			);
			defaultConfigurationIsVisible = 0;
			defaultConfigurationName = Release;
		};
		C8A33FF4296861EF00630E59 /* Build configuration list for PBXNativeTarget "HalloWorldUITests" */ = {
			isa = XCConfigurationList;
			buildConfigurations = (
				C8A33FF5296861EF00630E59 /* Debug */,
				C8A33FF6296861EF00630E59 /* Release */,
			);
			defaultConfigurationIsVisible = 0;
			defaultConfigurationName = Release;
		};
/* End XCConfigurationList section */
	};
	rootObject = C8A33FBC296861EB00630E59 /* Project object */;
}
